set_global_assignment -name IP_FILE ../rtl/user/ip/gts_eth_subsystem/gts_eth_subsystem_eth_refclk_clk_bridge.ip
set_global_assignment -name IP_FILE ../rtl/user/ip/gts_eth_subsystem/gts_eth_subsystem_eth_csr_rst_bridge.ip
set_global_assignment -name IP_FILE ../rtl/user/ip/gts_eth_subsystem/gts_eth_subsystem_eth_srcss_gts.ip
set_global_assignment -name IP_FILE ../rtl/user/ip/gts_eth_subsystem/gts_eth_subsystem_eth_systemclk_gts.ip
set_global_assignment -name IP_FILE ../rtl/user/ip/gts_eth_subsystem/gts_eth_subsystem_eth_intf_reset_sync.ip
set_global_assignment -name IP_FILE ../rtl/user/ip/gts_eth_subsystem/gts_eth_subsystem_eth_gts.ip
set_global_assignment -name IP_FILE ../rtl/user/ip/gts_eth_subsystem/gts_eth_subsystem_eth_csr_clk_bridge.ip
set_global_assignment -name QSYS_FILE ../rtl/user/gts_eth_subsystem.qsys
