set_global_assignment -name IP_FILE ../rtl/user/ip/hsb_subsystem/hsb_subsystem_sif_rx_clk_bridge_1.ip
set_global_assignment -name IP_FILE ../rtl/user/ip/hsb_subsystem/hsb_subsystem_sif_tx_rst_bridge_0.ip
set_global_assignment -name IP_FILE ../rtl/user/ip/hsb_subsystem/hsb_subsystem_cpu_rst_bridge.ip
set_global_assignment -name IP_FILE ../rtl/user/ip/hsb_subsystem/hsb_subsystem_hsb_avst_axis_shim.ip
set_global_assignment -name IP_FILE ../rtl/user/ip/hsb_subsystem/hsb_subsystem_hsb_axis_avst_shim.ip
set_global_assignment -name IP_FILE ../rtl/user/ip/hsb_subsystem/hsb_subsystem_vvp_shim_1.ip
set_global_assignment -name IP_FILE ../rtl/user/ip/hsb_subsystem/hsb_subsystem_cpu_clk_bridge.ip
set_global_assignment -name IP_FILE ../rtl/user/ip/hsb_subsystem/hsb_subsystem_hsb_csi_packer_0.ip
set_global_assignment -name IP_FILE ../rtl/user/ip/hsb_subsystem/hsb_subsystem_hsb_mm_bridge_1.ip
set_global_assignment -name IP_FILE ../rtl/user/ip/hsb_subsystem/hsb_subsystem_hif_rst_bridge.ip
set_global_assignment -name IP_FILE ../rtl/user/ip/hsb_subsystem/hsb_subsystem_hsb_csi_packer_1.ip
set_global_assignment -name IP_FILE ../rtl/user/ip/hsb_subsystem/hsb_subsystem_hsb.ip
set_global_assignment -name IP_FILE ../rtl/user/ip/hsb_subsystem/hsb_subsystem_sif_rx_clk_bridge_2.ip
set_global_assignment -name IP_FILE ../rtl/user/ip/hsb_subsystem/hsb_subsystem_vvp_fifo_1.ip
set_global_assignment -name IP_FILE ../rtl/user/ip/hsb_subsystem/hsb_subsystem_system_id.ip
set_global_assignment -name IP_FILE ../rtl/user/ip/hsb_subsystem/hsb_subsystem_sif_rx_rst_bridge_0.ip
set_global_assignment -name IP_FILE ../rtl/user/ip/hsb_subsystem/hsb_subsystem_vvp_shim_0.ip
set_global_assignment -name IP_FILE ../rtl/user/ip/hsb_subsystem/hsb_subsystem_sif_rx_clk_bridge_0.ip
set_global_assignment -name IP_FILE ../rtl/user/ip/hsb_subsystem/hsb_subsystem_hif_clk_bridge.ip
set_global_assignment -name IP_FILE ../rtl/user/ip/hsb_subsystem/hsb_subsystem_vvp_fifo_0.ip
set_global_assignment -name IP_FILE ../rtl/user/ip/hsb_subsystem/hsb_subsystem_hsb_mm_bridge_0.ip
set_global_assignment -name IP_FILE ../rtl/user/ip/hsb_subsystem/hsb_subsystem_sif_rx_rst_bridge_1.ip
set_global_assignment -name IP_FILE ../rtl/user/ip/hsb_subsystem/hsb_subsystem_sif_rx_rst_bridge_2.ip
set_global_assignment -name IP_FILE ../rtl/user/ip/hsb_subsystem/hsb_subsystem_sif_tx_clk_bridge_0.ip
set_global_assignment -name QSYS_FILE ../rtl/user/hsb_subsystem.qsys
