set_global_assignment -name IP_FILE ../rtl/user/ip/mipi_subsystem/mipi_subsystem_mipi_vid_clk_bridge.ip
set_global_assignment -name IP_FILE ../rtl/user/ip/mipi_subsystem/mipi_subsystem_intel_mipi_csi2_0.ip
set_global_assignment -name IP_FILE ../rtl/user/ip/mipi_subsystem/mipi_subsystem_mipi_dphy.ip
set_global_assignment -name IP_FILE ../rtl/user/ip/mipi_subsystem/mipi_subsystem_intel_mipi_csi2_1.ip
set_global_assignment -name IP_FILE ../rtl/user/ip/mipi_subsystem/mipi_subsystem_mipi_cpu_rst_bridge.ip
set_global_assignment -name IP_FILE ../rtl/user/ip/mipi_subsystem/mipi_subsystem_mipi_cpu_clk_bridge.ip
set_global_assignment -name IP_FILE ../rtl/user/ip/mipi_subsystem/mipi_subsystem_mipi_pio.ip
set_global_assignment -name IP_FILE ../rtl/user/ip/mipi_subsystem/mipi_subsystem_mipi_vid_rst_bridge.ip
set_global_assignment -name IP_FILE ../rtl/user/ip/mipi_subsystem/mipi_subsystem_mipi_mm_bridge.ip
set_global_assignment -name IP_FILE ../rtl/user/ip/mipi_subsystem/mipi_subsystem_mipi_mm_ccb.ip
set_global_assignment -name QSYS_FILE ../rtl/user/mipi_subsystem.qsys
