set_global_assignment -name IP_FILE ../rtl/user/ip/mipi_hsb_broadcast_subsystem_0/mipi_hsb_broadcast_subsystem_0_vvp_broadcaster.ip
set_global_assignment -name IP_FILE ../rtl/user/ip/mipi_hsb_broadcast_subsystem_0/mipi_hsb_broadcast_subsystem_0_csi_packer.ip
set_global_assignment -name IP_FILE ../rtl/user/ip/mipi_hsb_broadcast_subsystem_0/mipi_hsb_broadcast_subsystem_0_vid_rst_bridge.ip
set_global_assignment -name IP_FILE ../rtl/user/ip/mipi_hsb_broadcast_subsystem_0/mipi_hsb_broadcast_subsystem_0_hsb_shim_0.ip
set_global_assignment -name IP_FILE ../rtl/user/ip/mipi_hsb_broadcast_subsystem_0/mipi_hsb_broadcast_subsystem_0_hsb_shim_2.ip
set_global_assignment -name IP_FILE ../rtl/user/ip/mipi_hsb_broadcast_subsystem_0/mipi_hsb_broadcast_subsystem_0_hsb_shim_1.ip
set_global_assignment -name IP_FILE ../rtl/user/ip/mipi_hsb_broadcast_subsystem_0/mipi_hsb_broadcast_subsystem_0_hsb_shim_3.ip
set_global_assignment -name IP_FILE ../rtl/user/ip/mipi_hsb_broadcast_subsystem_0/mipi_hsb_broadcast_subsystem_0_vid_clk_bridge.ip
set_global_assignment -name QSYS_FILE ../rtl/user/mipi_hsb_broadcast_subsystem_0.qsys
