set_global_assignment -name IP_FILE ../rtl/user/ip/mipi_hsb_broadcast_subsystem_1/mipi_hsb_broadcast_subsystem_1_vid_clk_bridge.ip
set_global_assignment -name IP_FILE ../rtl/user/ip/mipi_hsb_broadcast_subsystem_1/mipi_hsb_broadcast_subsystem_1_hsb_shim_0.ip
set_global_assignment -name IP_FILE ../rtl/user/ip/mipi_hsb_broadcast_subsystem_1/mipi_hsb_broadcast_subsystem_1_hsb_shim_2.ip
set_global_assignment -name IP_FILE ../rtl/user/ip/mipi_hsb_broadcast_subsystem_1/mipi_hsb_broadcast_subsystem_1_hsb_shim_1.ip
set_global_assignment -name IP_FILE ../rtl/user/ip/mipi_hsb_broadcast_subsystem_1/mipi_hsb_broadcast_subsystem_1_csi_packer.ip
set_global_assignment -name IP_FILE ../rtl/user/ip/mipi_hsb_broadcast_subsystem_1/mipi_hsb_broadcast_subsystem_1_vvp_broadcaster.ip
set_global_assignment -name IP_FILE ../rtl/user/ip/mipi_hsb_broadcast_subsystem_1/mipi_hsb_broadcast_subsystem_1_vid_rst_bridge.ip
set_global_assignment -name IP_FILE ../rtl/user/ip/mipi_hsb_broadcast_subsystem_1/mipi_hsb_broadcast_subsystem_1_hsb_shim_3.ip
set_global_assignment -name QSYS_FILE ../rtl/user/mipi_hsb_broadcast_subsystem_1.qsys
