set_global_assignment -name IP_FILE ../rtl/user/ip/mipi_hsb_pipeline_subsystem/mipi_hsb_pipeline_subsystem_hsb_csi_packer_1.ip
set_global_assignment -name IP_FILE ../rtl/user/ip/mipi_hsb_pipeline_subsystem/mipi_hsb_pipeline_subsystem_hsb_shim_0.ip
set_global_assignment -name IP_FILE ../rtl/user/ip/mipi_hsb_pipeline_subsystem/mipi_hsb_pipeline_subsystem_vid_rst_bridge.ip
set_global_assignment -name IP_FILE ../rtl/user/ip/mipi_hsb_pipeline_subsystem/mipi_hsb_pipeline_subsystem_vid_clk_bridge.ip
set_global_assignment -name IP_FILE ../rtl/user/ip/mipi_hsb_pipeline_subsystem/mipi_hsb_pipeline_subsystem_vvp_fifo_0.ip
set_global_assignment -name IP_FILE ../rtl/user/ip/mipi_hsb_pipeline_subsystem/mipi_hsb_pipeline_subsystem_hsb_csi_packer_0.ip
set_global_assignment -name IP_FILE ../rtl/user/ip/mipi_hsb_pipeline_subsystem/mipi_hsb_pipeline_subsystem_hsb_shim_1.ip
set_global_assignment -name IP_FILE ../rtl/user/ip/mipi_hsb_pipeline_subsystem/mipi_hsb_pipeline_subsystem_vvp_fifo_1.ip
set_global_assignment -name QSYS_FILE ../rtl/user/mipi_hsb_pipeline_subsystem.qsys
