set_global_assignment -name IP_FILE ../rtl/shell/ip/clock_subsystem/clock_subsystem_input_rst_ctrl.ip
set_global_assignment -name IP_FILE ../rtl/shell/ip/clock_subsystem/clock_subsystem_input_clk_bridge.ip
set_global_assignment -name IP_FILE ../rtl/shell/ip/clock_subsystem/clock_subsystem_iopll_0.ip
set_global_assignment -name IP_FILE ../rtl/shell/ip/clock_subsystem/clock_subsystem_reset_extender.ip
set_global_assignment -name IP_FILE ../rtl/shell/ip/clock_subsystem/clock_subsystem_gen_clk_0_reset_sync.ip
set_global_assignment -name IP_FILE ../rtl/shell/ip/clock_subsystem/clock_subsystem_input_rst_0_bridge.ip
set_global_assignment -name IP_FILE ../rtl/shell/ip/clock_subsystem/clock_subsystem_reset_sync.ip
set_global_assignment -name IP_FILE ../rtl/shell/ip/clock_subsystem/clock_subsystem_ref_clk_reset_sync.ip
set_global_assignment -name IP_FILE ../rtl/shell/ip/clock_subsystem/clock_subsystem_iopll_locked_shim_0.ip
set_global_assignment -name QSYS_FILE ../rtl/shell/clock_subsystem.qsys
